
Microsoft Visual Studio Solution File, Format Version 12.00
# Visual Studio Version 17
VisualStudioVersion = 17.6.33723.286
MinimumVisualStudioVersion = 10.0.40219.1
Project("{FAE04EC0-301F-11D3-BF4B-00C04F79EFBC}") = "IdentityApp", "IdentityApp\IdentityApp.csproj", "{FD7730E3-97D2-409E-8B60-22EB30055B65}"
EndProject
Global
	GlobalSection(SolutionConfigurationPlatforms) = preSolution
		Debug|Any CPU = Debug|Any CPU
		Release|Any CPU = Release|Any CPU
	EndGlobalSection
	GlobalSection(ProjectConfigurationPlatforms) = postSolution
		{FD7730E3-97D2-409E-8B60-22EB30055B65}.Debug|Any CPU.ActiveCfg = Debug|Any CPU
		{FD7730E3-97D2-409E-8B60-22EB30055B65}.Debug|Any CPU.Build.0 = Debug|Any CPU
		{FD7730E3-97D2-409E-8B60-22EB30055B65}.Release|Any CPU.ActiveCfg = Release|Any CPU
		{FD7730E3-97D2-409E-8B60-22EB30055B65}.Release|Any CPU.Build.0 = Release|Any CPU
	EndGlobalSection
	GlobalSection(SolutionProperties) = preSolution
		HideSolutionNode = FALSE
	EndGlobalSection
	GlobalSection(ExtensibilityGlobals) = postSolution
		SolutionGuid = {E0AA7F34-2D7A-4221-BEFE-C7DAC02BE3F3}
	EndGlobalSection
EndGlobal
